
Microsoft Visual Studio Solution File, Format Version 12.00
# Visual Studio 15
VisualStudioVersion = 15.0.27428.2037
MinimumVisualStudioVersion = 10.0.40219.1
Project("{FAE04EC0-301F-11D3-BF4B-00C04F79EFBC}") = "DelegatesExpressionTreesPractice", "DelegatesExpressionTreesPractice\DelegatesExpressionTreesPractice.csproj", "{1D86D9CA-8839-4AD3-AF99-49DDB58C3B12}"
EndProject
Global
	GlobalSection(SolutionConfigurationPlatforms) = preSolution
		Debug|Any CPU = Debug|Any CPU
		Release|Any CPU = Release|Any CPU
	EndGlobalSection
	GlobalSection(ProjectConfigurationPlatforms) = postSolution
		{1D86D9CA-8839-4AD3-AF99-49DDB58C3B12}.Debug|Any CPU.ActiveCfg = Debug|Any CPU
		{1D86D9CA-8839-4AD3-AF99-49DDB58C3B12}.Debug|Any CPU.Build.0 = Debug|Any CPU
		{1D86D9CA-8839-4AD3-AF99-49DDB58C3B12}.Release|Any CPU.ActiveCfg = Release|Any CPU
		{1D86D9CA-8839-4AD3-AF99-49DDB58C3B12}.Release|Any CPU.Build.0 = Release|Any CPU
	EndGlobalSection
	GlobalSection(SolutionProperties) = preSolution
		HideSolutionNode = FALSE
	EndGlobalSection
	GlobalSection(ExtensibilityGlobals) = postSolution
		SolutionGuid = {44546E77-F958-4CD8-A716-848F70DFDD4E}
	EndGlobalSection
EndGlobal
